// !$*UTF8*$!
{
	archiveVersion = 1;
	classes = {
	};
	objectVersion = 50;
	objects = {

/* Begin PBXBuildFile section */
		48B457C225C5D7A3006666C4 /* AppDelegate.swift in Sources */ = {isa = PBXBuildFile; fileRef = 48B457C125C5D7A3006666C4 /* AppDelegate.swift */; };
		48B457C425C5D7A3006666C4 /* SceneDelegate.swift in Sources */ = {isa = PBXBuildFile; fileRef = 48B457C325C5D7A3006666C4 /* SceneDelegate.swift */; };
		48B457C625C5D7A3006666C4 /* ViewController.swift in Sources */ = {isa = PBXBuildFile; fileRef = 48B457C525C5D7A3006666C4 /* ViewController.swift */; };
		48B457C925C5D7A3006666C4 /* Main.storyboard in Resources */ = {isa = PBXBuildFile; fileRef = 48B457C725C5D7A3006666C4 /* Main.storyboard */; };
		48B457CC25C5D7A3006666C4 /* Motivaty.xcdatamodeld in Sources */ = {isa = PBXBuildFile; fileRef = 48B457CA25C5D7A3006666C4 /* Motivaty.xcdatamodeld */; };
		48B457CE25C5D7A4006666C4 /* Assets.xcassets in Resources */ = {isa = PBXBuildFile; fileRef = 48B457CD25C5D7A4006666C4 /* Assets.xcassets */; };
		48B457D125C5D7A4006666C4 /* LaunchScreen.storyboard in Resources */ = {isa = PBXBuildFile; fileRef = 48B457CF25C5D7A4006666C4 /* LaunchScreen.storyboard */; };
		48B457DC25C5D7A4006666C4 /* MotivatyTests.swift in Sources */ = {isa = PBXBuildFile; fileRef = 48B457DB25C5D7A4006666C4 /* MotivatyTests.swift */; };
		48B457E725C5D7A4006666C4 /* MotivatyUITests.swift in Sources */ = {isa = PBXBuildFile; fileRef = 48B457E625C5D7A4006666C4 /* MotivatyUITests.swift */; };
/* End PBXBuildFile section */

/* Begin PBXContainerItemProxy section */
		48B457D825C5D7A4006666C4 /* PBXContainerItemProxy */ = {
			isa = PBXContainerItemProxy;
			containerPortal = 48B457B625C5D7A2006666C4 /* Project object */;
			proxyType = 1;
			remoteGlobalIDString = 48B457BD25C5D7A2006666C4;
			remoteInfo = Motivaty;
		};
		48B457E325C5D7A4006666C4 /* PBXContainerItemProxy */ = {
			isa = PBXContainerItemProxy;
			containerPortal = 48B457B625C5D7A2006666C4 /* Project object */;
			proxyType = 1;
			remoteGlobalIDString = 48B457BD25C5D7A2006666C4;
			remoteInfo = Motivaty;
		};
/* End PBXContainerItemProxy section */

/* Begin PBXFileReference section */
		48B457BE25C5D7A3006666C4 /* Motivaty.app */ = {isa = PBXFileReference; explicitFileType = wrapper.application; includeInIndex = 0; path = Motivaty.app; sourceTree = BUILT_PRODUCTS_DIR; };
		48B457C125C5D7A3006666C4 /* AppDelegate.swift */ = {isa = PBXFileReference; lastKnownFileType = sourcecode.swift; path = AppDelegate.swift; sourceTree = "<group>"; };
		48B457C325C5D7A3006666C4 /* SceneDelegate.swift */ = {isa = PBXFileReference; lastKnownFileType = sourcecode.swift; path = SceneDelegate.swift; sourceTree = "<group>"; };
		48B457C525C5D7A3006666C4 /* ViewController.swift */ = {isa = PBXFileReference; lastKnownFileType = sourcecode.swift; path = ViewController.swift; sourceTree = "<group>"; };
		48B457C825C5D7A3006666C4 /* Base */ = {isa = PBXFileReference; lastKnownFileType = file.storyboard; name = Base; path = Base.lproj/Main.storyboard; sourceTree = "<group>"; };
		48B457CB25C5D7A3006666C4 /* Motivaty.xcdatamodel */ = {isa = PBXFileReference; lastKnownFileType = wrapper.xcdatamodel; path = Motivaty.xcdatamodel; sourceTree = "<group>"; };
		48B457CD25C5D7A4006666C4 /* Assets.xcassets */ = {isa = PBXFileReference; lastKnownFileType = folder.assetcatalog; path = Assets.xcassets; sourceTree = "<group>"; };
		48B457D025C5D7A4006666C4 /* Base */ = {isa = PBXFileReference; lastKnownFileType = file.storyboard; name = Base; path = Base.lproj/LaunchScreen.storyboard; sourceTree = "<group>"; };
		48B457D225C5D7A4006666C4 /* Info.plist */ = {isa = PBXFileReference; lastKnownFileType = text.plist.xml; path = Info.plist; sourceTree = "<group>"; };
		48B457D725C5D7A4006666C4 /* MotivatyTests.xctest */ = {isa = PBXFileReference; explicitFileType = wrapper.cfbundle; includeInIndex = 0; path = MotivatyTests.xctest; sourceTree = BUILT_PRODUCTS_DIR; };
		48B457DB25C5D7A4006666C4 /* MotivatyTests.swift */ = {isa = PBXFileReference; lastKnownFileType = sourcecode.swift; path = MotivatyTests.swift; sourceTree = "<group>"; };
		48B457DD25C5D7A4006666C4 /* Info.plist */ = {isa = PBXFileReference; lastKnownFileType = text.plist.xml; path = Info.plist; sourceTree = "<group>"; };
		48B457E225C5D7A4006666C4 /* MotivatyUITests.xctest */ = {isa = PBXFileReference; explicitFileType = wrapper.cfbundle; includeInIndex = 0; path = MotivatyUITests.xctest; sourceTree = BUILT_PRODUCTS_DIR; };
		48B457E625C5D7A4006666C4 /* MotivatyUITests.swift */ = {isa = PBXFileReference; lastKnownFileType = sourcecode.swift; path = MotivatyUITests.swift; sourceTree = "<group>"; };
		48B457E825C5D7A4006666C4 /* Info.plist */ = {isa = PBXFileReference; lastKnownFileType = text.plist.xml; path = Info.plist; sourceTree = "<group>"; };
/* End PBXFileReference section */

/* Begin PBXFrameworksBuildPhase section */
		48B457BB25C5D7A2006666C4 /* Frameworks */ = {
			isa = PBXFrameworksBuildPhase;
			buildActionMask = 2147483647;
			files = (
			);
			runOnlyForDeploymentPostprocessing = 0;
		};
		48B457D425C5D7A4006666C4 /* Frameworks */ = {
			isa = PBXFrameworksBuildPhase;
			buildActionMask = 2147483647;
			files = (
			);
			runOnlyForDeploymentPostprocessing = 0;
		};
		48B457DF25C5D7A4006666C4 /* Frameworks */ = {
			isa = PBXFrameworksBuildPhase;
			buildActionMask = 2147483647;
			files = (
			);
			runOnlyForDeploymentPostprocessing = 0;
		};
/* End PBXFrameworksBuildPhase section */

/* Begin PBXGroup section */
		48B457B525C5D7A2006666C4 = {
			isa = PBXGroup;
			children = (
				48B457C025C5D7A3006666C4 /* Motivaty */,
				48B457DA25C5D7A4006666C4 /* MotivatyTests */,
				48B457E525C5D7A4006666C4 /* MotivatyUITests */,
				48B457BF25C5D7A3006666C4 /* Products */,
			);
			sourceTree = "<group>";
		};
		48B457BF25C5D7A3006666C4 /* Products */ = {
			isa = PBXGroup;
			children = (
				48B457BE25C5D7A3006666C4 /* Motivaty.app */,
				48B457D725C5D7A4006666C4 /* MotivatyTests.xctest */,
				48B457E225C5D7A4006666C4 /* MotivatyUITests.xctest */,
			);
			name = Products;
			sourceTree = "<group>";
		};
		48B457C025C5D7A3006666C4 /* Motivaty */ = {
			isa = PBXGroup;
			children = (
				48B457C125C5D7A3006666C4 /* AppDelegate.swift */,
				48B457C325C5D7A3006666C4 /* SceneDelegate.swift */,
				48B457C525C5D7A3006666C4 /* ViewController.swift */,
				48B457C725C5D7A3006666C4 /* Main.storyboard */,
				48B457CD25C5D7A4006666C4 /* Assets.xcassets */,
				48B457CF25C5D7A4006666C4 /* LaunchScreen.storyboard */,
				48B457D225C5D7A4006666C4 /* Info.plist */,
				48B457CA25C5D7A3006666C4 /* Motivaty.xcdatamodeld */,
			);
			path = Motivaty;
			sourceTree = "<group>";
		};
		48B457DA25C5D7A4006666C4 /* MotivatyTests */ = {
			isa = PBXGroup;
			children = (
				48B457DB25C5D7A4006666C4 /* MotivatyTests.swift */,
				48B457DD25C5D7A4006666C4 /* Info.plist */,
			);
			path = MotivatyTests;
			sourceTree = "<group>";
		};
		48B457E525C5D7A4006666C4 /* MotivatyUITests */ = {
			isa = PBXGroup;
			children = (
				48B457E625C5D7A4006666C4 /* MotivatyUITests.swift */,
				48B457E825C5D7A4006666C4 /* Info.plist */,
			);
			path = MotivatyUITests;
			sourceTree = "<group>";
		};
/* End PBXGroup section */

/* Begin PBXNativeTarget section */
		48B457BD25C5D7A2006666C4 /* Motivaty */ = {
			isa = PBXNativeTarget;
			buildConfigurationList = 48B457EB25C5D7A4006666C4 /* Build configuration list for PBXNativeTarget "Motivaty" */;
			buildPhases = (
				48B457BA25C5D7A2006666C4 /* Sources */,
				48B457BB25C5D7A2006666C4 /* Frameworks */,
				48B457BC25C5D7A2006666C4 /* Resources */,
			);
			buildRules = (
			);
			dependencies = (
			);
			name = Motivaty;
			productName = Motivaty;
			productReference = 48B457BE25C5D7A3006666C4 /* Motivaty.app */;
			productType = "com.apple.product-type.application";
		};
		48B457D625C5D7A4006666C4 /* MotivatyTests */ = {
			isa = PBXNativeTarget;
			buildConfigurationList = 48B457EE25C5D7A4006666C4 /* Build configuration list for PBXNativeTarget "MotivatyTests" */;
			buildPhases = (
				48B457D325C5D7A4006666C4 /* Sources */,
				48B457D425C5D7A4006666C4 /* Frameworks */,
				48B457D525C5D7A4006666C4 /* Resources */,
			);
			buildRules = (
			);
			dependencies = (
				48B457D925C5D7A4006666C4 /* PBXTargetDependency */,
			);
			name = MotivatyTests;
			productName = MotivatyTests;
			productReference = 48B457D725C5D7A4006666C4 /* MotivatyTests.xctest */;
			productType = "com.apple.product-type.bundle.unit-test";
		};
		48B457E125C5D7A4006666C4 /* MotivatyUITests */ = {
			isa = PBXNativeTarget;
			buildConfigurationList = 48B457F125C5D7A4006666C4 /* Build configuration list for PBXNativeTarget "MotivatyUITests" */;
			buildPhases = (
				48B457DE25C5D7A4006666C4 /* Sources */,
				48B457DF25C5D7A4006666C4 /* Frameworks */,
				48B457E025C5D7A4006666C4 /* Resources */,
			);
			buildRules = (
			);
			dependencies = (
				48B457E425C5D7A4006666C4 /* PBXTargetDependency */,
			);
			name = MotivatyUITests;
			productName = MotivatyUITests;
			productReference = 48B457E225C5D7A4006666C4 /* MotivatyUITests.xctest */;
			productType = "com.apple.product-type.bundle.ui-testing";
		};
/* End PBXNativeTarget section */

/* Begin PBXProject section */
		48B457B625C5D7A2006666C4 /* Project object */ = {
			isa = PBXProject;
			attributes = {
				LastSwiftUpdateCheck = 1230;
				LastUpgradeCheck = 1230;
				TargetAttributes = {
					48B457BD25C5D7A2006666C4 = {
						CreatedOnToolsVersion = 12.3;
					};
					48B457D625C5D7A4006666C4 = {
						CreatedOnToolsVersion = 12.3;
						TestTargetID = 48B457BD25C5D7A2006666C4;
					};
					48B457E125C5D7A4006666C4 = {
						CreatedOnToolsVersion = 12.3;
						TestTargetID = 48B457BD25C5D7A2006666C4;
					};
				};
			};
			buildConfigurationList = 48B457B925C5D7A2006666C4 /* Build configuration list for PBXProject "Motivaty" */;
			compatibilityVersion = "Xcode 9.3";
			developmentRegion = en;
			hasScannedForEncodings = 0;
			knownRegions = (
				en,
				Base,
			);
			mainGroup = 48B457B525C5D7A2006666C4;
			productRefGroup = 48B457BF25C5D7A3006666C4 /* Products */;
			projectDirPath = "";
			projectRoot = "";
			targets = (
				48B457BD25C5D7A2006666C4 /* Motivaty */,
				48B457D625C5D7A4006666C4 /* MotivatyTests */,
				48B457E125C5D7A4006666C4 /* MotivatyUITests */,
			);
		};
/* End PBXProject section */

/* Begin PBXResourcesBuildPhase section */
		48B457BC25C5D7A2006666C4 /* Resources */ = {
			isa = PBXResourcesBuildPhase;
			buildActionMask = 2147483647;
			files = (
				48B457D125C5D7A4006666C4 /* LaunchScreen.storyboard in Resources */,
				48B457CE25C5D7A4006666C4 /* Assets.xcassets in Resources */,
				48B457C925C5D7A3006666C4 /* Main.storyboard in Resources */,
			);
			runOnlyForDeploymentPostprocessing = 0;
		};
		48B457D525C5D7A4006666C4 /* Resources */ = {
			isa = PBXResourcesBuildPhase;
			buildActionMask = 2147483647;
			files = (
			);
			runOnlyForDeploymentPostprocessing = 0;
		};
		48B457E025C5D7A4006666C4 /* Resources */ = {
			isa = PBXResourcesBuildPhase;
			buildActionMask = 2147483647;
			files = (
			);
			runOnlyForDeploymentPostprocessing = 0;
		};
/* End PBXResourcesBuildPhase section */

/* Begin PBXSourcesBuildPhase section */
		48B457BA25C5D7A2006666C4 /* Sources */ = {
			isa = PBXSourcesBuildPhase;
			buildActionMask = 2147483647;
			files = (
				48B457C625C5D7A3006666C4 /* ViewController.swift in Sources */,
				48B457C225C5D7A3006666C4 /* AppDelegate.swift in Sources */,
				48B457CC25C5D7A3006666C4 /* Motivaty.xcdatamodeld in Sources */,
				48B457C425C5D7A3006666C4 /* SceneDelegate.swift in Sources */,
			);
			runOnlyForDeploymentPostprocessing = 0;
		};
		48B457D325C5D7A4006666C4 /* Sources */ = {
			isa = PBXSourcesBuildPhase;
			buildActionMask = 2147483647;
			files = (
				48B457DC25C5D7A4006666C4 /* MotivatyTests.swift in Sources */,
			);
			runOnlyForDeploymentPostprocessing = 0;
		};
		48B457DE25C5D7A4006666C4 /* Sources */ = {
			isa = PBXSourcesBuildPhase;
			buildActionMask = 2147483647;
			files = (
				48B457E725C5D7A4006666C4 /* MotivatyUITests.swift in Sources */,
			);
			runOnlyForDeploymentPostprocessing = 0;
		};
/* End PBXSourcesBuildPhase section */

/* Begin PBXTargetDependency section */
		48B457D925C5D7A4006666C4 /* PBXTargetDependency */ = {
			isa = PBXTargetDependency;
			target = 48B457BD25C5D7A2006666C4 /* Motivaty */;
			targetProxy = 48B457D825C5D7A4006666C4 /* PBXContainerItemProxy */;
		};
		48B457E425C5D7A4006666C4 /* PBXTargetDependency */ = {
			isa = PBXTargetDependency;
			target = 48B457BD25C5D7A2006666C4 /* Motivaty */;
			targetProxy = 48B457E325C5D7A4006666C4 /* PBXContainerItemProxy */;
		};
/* End PBXTargetDependency section */

/* Begin PBXVariantGroup section */
		48B457C725C5D7A3006666C4 /* Main.storyboard */ = {
			isa = PBXVariantGroup;
			children = (
				48B457C825C5D7A3006666C4 /* Base */,
			);
			name = Main.storyboard;
			sourceTree = "<group>";
		};
		48B457CF25C5D7A4006666C4 /* LaunchScreen.storyboard */ = {
			isa = PBXVariantGroup;
			children = (
				48B457D025C5D7A4006666C4 /* Base */,
			);
			name = LaunchScreen.storyboard;
			sourceTree = "<group>";
		};
/* End PBXVariantGroup section */

/* Begin XCBuildConfiguration section */
		48B457E925C5D7A4006666C4 /* Debug */ = {
			isa = XCBuildConfiguration;
			buildSettings = {
				ALWAYS_SEARCH_USER_PATHS = NO;
				CLANG_ANALYZER_NONNULL = YES;
				CLANG_ANALYZER_NUMBER_OBJECT_CONVERSION = YES_AGGRESSIVE;
				CLANG_CXX_LANGUAGE_STANDARD = "gnu++14";
				CLANG_CXX_LIBRARY = "libc++";
				CLANG_ENABLE_MODULES = YES;
				CLANG_ENABLE_OBJC_ARC = YES;
				CLANG_ENABLE_OBJC_WEAK = YES;
				CLANG_WARN_BLOCK_CAPTURE_AUTORELEASING = YES;
				CLANG_WARN_BOOL_CONVERSION = YES;
				CLANG_WARN_COMMA = YES;
				CLANG_WARN_CONSTANT_CONVERSION = YES;
				CLANG_WARN_DEPRECATED_OBJC_IMPLEMENTATIONS = YES;
				CLANG_WARN_DIRECT_OBJC_ISA_USAGE = YES_ERROR;
				CLANG_WARN_DOCUMENTATION_COMMENTS = YES;
				CLANG_WARN_EMPTY_BODY = YES;
				CLANG_WARN_ENUM_CONVERSION = YES;
				CLANG_WARN_INFINITE_RECURSION = YES;
				CLANG_WARN_INT_CONVERSION = YES;
				CLANG_WARN_NON_LITERAL_NULL_CONVERSION = YES;
				CLANG_WARN_OBJC_IMPLICIT_RETAIN_SELF = YES;
				CLANG_WARN_OBJC_LITERAL_CONVERSION = YES;
				CLANG_WARN_OBJC_ROOT_CLASS = YES_ERROR;
				CLANG_WARN_QUOTED_INCLUDE_IN_FRAMEWORK_HEADER = YES;
				CLANG_WARN_RANGE_LOOP_ANALYSIS = YES;
				CLANG_WARN_STRICT_PROTOTYPES = YES;
				CLANG_WARN_SUSPICIOUS_MOVE = YES;
				CLANG_WARN_UNGUARDED_AVAILABILITY = YES_AGGRESSIVE;
				CLANG_WARN_UNREACHABLE_CODE = YES;
				CLANG_WARN__DUPLICATE_METHOD_MATCH = YES;
				COPY_PHASE_STRIP = NO;
				DEBUG_INFORMATION_FORMAT = dwarf;
				ENABLE_STRICT_OBJC_MSGSEND = YES;
				ENABLE_TESTABILITY = YES;
				GCC_C_LANGUAGE_STANDARD = gnu11;
				GCC_DYNAMIC_NO_PIC = NO;
				GCC_NO_COMMON_BLOCKS = YES;
				GCC_OPTIMIZATION_LEVEL = 0;
				GCC_PREPROCESSOR_DEFINITIONS = (
					"DEBUG=1",
					"$(inherited)",
				);
				GCC_WARN_64_TO_32_BIT_CONVERSION = YES;
				GCC_WARN_ABOUT_RETURN_TYPE = YES_ERROR;
				GCC_WARN_UNDECLARED_SELECTOR = YES;
				GCC_WARN_UNINITIALIZED_AUTOS = YES_AGGRESSIVE;
				GCC_WARN_UNUSED_FUNCTION = YES;
				GCC_WARN_UNUSED_VARIABLE = YES;
				IPHONEOS_DEPLOYMENT_TARGET = 14.3;
				MTL_ENABLE_DEBUG_INFO = INCLUDE_SOURCE;
				MTL_FAST_MATH = YES;
				ONLY_ACTIVE_ARCH = YES;
				SDKROOT = iphoneos;
				SWIFT_ACTIVE_COMPILATION_CONDITIONS = DEBUG;
				SWIFT_OPTIMIZATION_LEVEL = "-Onone";
			};
			name = Debug;
		};
		48B457EA25C5D7A4006666C4 /* Release */ = {
			isa = XCBuildConfiguration;
			buildSettings = {
				ALWAYS_SEARCH_USER_PATHS = NO;
				CLANG_ANALYZER_NONNULL = YES;
				CLANG_ANALYZER_NUMBER_OBJECT_CONVERSION = YES_AGGRESSIVE;
				CLANG_CXX_LANGUAGE_STANDARD = "gnu++14";
				CLANG_CXX_LIBRARY = "libc++";
				CLANG_ENABLE_MODULES = YES;
				CLANG_ENABLE_OBJC_ARC = YES;
				CLANG_ENABLE_OBJC_WEAK = YES;
				CLANG_WARN_BLOCK_CAPTURE_AUTORELEASING = YES;
				CLANG_WARN_BOOL_CONVERSION = YES;
				CLANG_WARN_COMMA = YES;
				CLANG_WARN_CONSTANT_CONVERSION = YES;
				CLANG_WARN_DEPRECATED_OBJC_IMPLEMENTATIONS = YES;
				CLANG_WARN_DIRECT_OBJC_ISA_USAGE = YES_ERROR;
				CLANG_WARN_DOCUMENTATION_COMMENTS = YES;
				CLANG_WARN_EMPTY_BODY = YES;
				CLANG_WARN_ENUM_CONVERSION = YES;
				CLANG_WARN_INFINITE_RECURSION = YES;
				CLANG_WARN_INT_CONVERSION = YES;
				CLANG_WARN_NON_LITERAL_NULL_CONVERSION = YES;
				CLANG_WARN_OBJC_IMPLICIT_RETAIN_SELF = YES;
				CLANG_WARN_OBJC_LITERAL_CONVERSION = YES;
				CLANG_WARN_OBJC_ROOT_CLASS = YES_ERROR;
				CLANG_WARN_QUOTED_INCLUDE_IN_FRAMEWORK_HEADER = YES;
				CLANG_WARN_RANGE_LOOP_ANALYSIS = YES;
				CLANG_WARN_STRICT_PROTOTYPES = YES;
				CLANG_WARN_SUSPICIOUS_MOVE = YES;
				CLANG_WARN_UNGUARDED_AVAILABILITY = YES_AGGRESSIVE;
				CLANG_WARN_UNREACHABLE_CODE = YES;
				CLANG_WARN__DUPLICATE_METHOD_MATCH = YES;
				COPY_PHASE_STRIP = NO;
				DEBUG_INFORMATION_FORMAT = "dwarf-with-dsym";
				ENABLE_NS_ASSERTIONS = NO;
				ENABLE_STRICT_OBJC_MSGSEND = YES;
				GCC_C_LANGUAGE_STANDARD = gnu11;
				GCC_NO_COMMON_BLOCKS = YES;
				GCC_WARN_64_TO_32_BIT_CONVERSION = YES;
				GCC_WARN_ABOUT_RETURN_TYPE = YES_ERROR;
				GCC_WARN_UNDECLARED_SELECTOR = YES;
				GCC_WARN_UNINITIALIZED_AUTOS = YES_AGGRESSIVE;
				GCC_WARN_UNUSED_FUNCTION = YES;
				GCC_WARN_UNUSED_VARIABLE = YES;
				IPHONEOS_DEPLOYMENT_TARGET = 14.3;
				MTL_ENABLE_DEBUG_INFO = NO;
				MTL_FAST_MATH = YES;
				SDKROOT = iphoneos;
				SWIFT_COMPILATION_MODE = wholemodule;
				SWIFT_OPTIMIZATION_LEVEL = "-O";
				VALIDATE_PRODUCT = YES;
			};
			name = Release;
		};
		48B457EC25C5D7A4006666C4 /* Debug */ = {
			isa = XCBuildConfiguration;
			buildSettings = {
				ASSETCATALOG_COMPILER_APPICON_NAME = AppIcon;
				ASSETCATALOG_COMPILER_GLOBAL_ACCENT_COLOR_NAME = AccentColor;
				CODE_SIGN_STYLE = Automatic;
				DEVELOPMENT_TEAM = YKL7R8YMPX;
				INFOPLIST_FILE = Motivaty/Info.plist;
				LD_RUNPATH_SEARCH_PATHS = (
					"$(inherited)",
					"@executable_path/Frameworks",
				);
				PRODUCT_BUNDLE_IDENTIFIER = com.robertpelka.Motivaty;
				PRODUCT_NAME = "$(TARGET_NAME)";
				SWIFT_VERSION = 5.0;
				TARGETED_DEVICE_FAMILY = "1,2";
			};
			name = Debug;
		};
		48B457ED25C5D7A4006666C4 /* Release */ = {
			isa = XCBuildConfiguration;
			buildSettings = {
				ASSETCATALOG_COMPILER_APPICON_NAME = AppIcon;
				ASSETCATALOG_COMPILER_GLOBAL_ACCENT_COLOR_NAME = AccentColor;
				CODE_SIGN_STYLE = Automatic;
				DEVELOPMENT_TEAM = YKL7R8YMPX;
				INFOPLIST_FILE = Motivaty/Info.plist;
				LD_RUNPATH_SEARCH_PATHS = (
					"$(inherited)",
					"@executable_path/Frameworks",
				);
				PRODUCT_BUNDLE_IDENTIFIER = com.robertpelka.Motivaty;
				PRODUCT_NAME = "$(TARGET_NAME)";
				SWIFT_VERSION = 5.0;
				TARGETED_DEVICE_FAMILY = "1,2";
			};
			name = Release;
		};
		48B457EF25C5D7A4006666C4 /* Debug */ = {
			isa = XCBuildConfiguration;
			buildSettings = {
				ALWAYS_EMBED_SWIFT_STANDARD_LIBRARIES = YES;
				BUNDLE_LOADER = "$(TEST_HOST)";
				CODE_SIGN_STYLE = Automatic;
				DEVELOPMENT_TEAM = YKL7R8YMPX;
				INFOPLIST_FILE = MotivatyTests/Info.plist;
				IPHONEOS_DEPLOYMENT_TARGET = 14.3;
				LD_RUNPATH_SEARCH_PATHS = (
					"$(inherited)",
					"@executable_path/Frameworks",
					"@loader_path/Frameworks",
				);
				PRODUCT_BUNDLE_IDENTIFIER = com.robertpelka.MotivatyTests;
				PRODUCT_NAME = "$(TARGET_NAME)";
				SWIFT_VERSION = 5.0;
				TARGETED_DEVICE_FAMILY = "1,2";
				TEST_HOST = "$(BUILT_PRODUCTS_DIR)/Motivaty.app/Motivaty";
			};
			name = Debug;
		};
		48B457F025C5D7A4006666C4 /* Release */ = {
			isa = XCBuildConfiguration;
			buildSettings = {
				ALWAYS_EMBED_SWIFT_STANDARD_LIBRARIES = YES;
				BUNDLE_LOADER = "$(TEST_HOST)";
				CODE_SIGN_STYLE = Automatic;
				DEVELOPMENT_TEAM = YKL7R8YMPX;
				INFOPLIST_FILE = MotivatyTests/Info.plist;
				IPHONEOS_DEPLOYMENT_TARGET = 14.3;
				LD_RUNPATH_SEARCH_PATHS = (
					"$(inherited)",
					"@executable_path/Frameworks",
					"@loader_path/Frameworks",
				);
				PRODUCT_BUNDLE_IDENTIFIER = com.robertpelka.MotivatyTests;
				PRODUCT_NAME = "$(TARGET_NAME)";
				SWIFT_VERSION = 5.0;
				TARGETED_DEVICE_FAMILY = "1,2";
				TEST_HOST = "$(BUILT_PRODUCTS_DIR)/Motivaty.app/Motivaty";
			};
			name = Release;
		};
		48B457F225C5D7A4006666C4 /* Debug */ = {
			isa = XCBuildConfiguration;
			buildSettings = {
				ALWAYS_EMBED_SWIFT_STANDARD_LIBRARIES = YES;
				CODE_SIGN_STYLE = Automatic;
				DEVELOPMENT_TEAM = YKL7R8YMPX;
				INFOPLIST_FILE = MotivatyUITests/Info.plist;
				LD_RUNPATH_SEARCH_PATHS = (
					"$(inherited)",
					"@executable_path/Frameworks",
					"@loader_path/Frameworks",
				);
				PRODUCT_BUNDLE_IDENTIFIER = com.robertpelka.MotivatyUITests;
				PRODUCT_NAME = "$(TARGET_NAME)";
				SWIFT_VERSION = 5.0;
				TARGETED_DEVICE_FAMILY = "1,2";
				TEST_TARGET_NAME = Motivaty;
			};
			name = Debug;
		};
		48B457F325C5D7A4006666C4 /* Release */ = {
			isa = XCBuildConfiguration;
			buildSettings = {
				ALWAYS_EMBED_SWIFT_STANDARD_LIBRARIES = YES;
				CODE_SIGN_STYLE = Automatic;
				DEVELOPMENT_TEAM = YKL7R8YMPX;
				INFOPLIST_FILE = MotivatyUITests/Info.plist;
				LD_RUNPATH_SEARCH_PATHS = (
					"$(inherited)",
					"@executable_path/Frameworks",
					"@loader_path/Frameworks",
				);
				PRODUCT_BUNDLE_IDENTIFIER = com.robertpelka.MotivatyUITests;
				PRODUCT_NAME = "$(TARGET_NAME)";
				SWIFT_VERSION = 5.0;
				TARGETED_DEVICE_FAMILY = "1,2";
				TEST_TARGET_NAME = Motivaty;
			};
			name = Release;
		};
/* End XCBuildConfiguration section */

/* Begin XCConfigurationList section */
		48B457B925C5D7A2006666C4 /* Build configuration list for PBXProject "Motivaty" */ = {
			isa = XCConfigurationList;
			buildConfigurations = (
				48B457E925C5D7A4006666C4 /* Debug */,
				48B457EA25C5D7A4006666C4 /* Release */,
			);
			defaultConfigurationIsVisible = 0;
			defaultConfigurationName = Release;
		};
		48B457EB25C5D7A4006666C4 /* Build configuration list for PBXNativeTarget "Motivaty" */ = {
			isa = XCConfigurationList;
			buildConfigurations = (
				48B457EC25C5D7A4006666C4 /* Debug */,
				48B457ED25C5D7A4006666C4 /* Release */,
			);
			defaultConfigurationIsVisible = 0;
			defaultConfigurationName = Release;
		};
		48B457EE25C5D7A4006666C4 /* Build configuration list for PBXNativeTarget "MotivatyTests" */ = {
			isa = XCConfigurationList;
			buildConfigurations = (
				48B457EF25C5D7A4006666C4 /* Debug */,
				48B457F025C5D7A4006666C4 /* Release */,
			);
			defaultConfigurationIsVisible = 0;
			defaultConfigurationName = Release;
		};
		48B457F125C5D7A4006666C4 /* Build configuration list for PBXNativeTarget "MotivatyUITests" */ = {
			isa = XCConfigurationList;
			buildConfigurations = (
				48B457F225C5D7A4006666C4 /* Debug */,
				48B457F325C5D7A4006666C4 /* Release */,
			);
			defaultConfigurationIsVisible = 0;
			defaultConfigurationName = Release;
		};
/* End XCConfigurationList section */

/* Begin XCVersionGroup section */
		48B457CA25C5D7A3006666C4 /* Motivaty.xcdatamodeld */ = {
			isa = XCVersionGroup;
			children = (
				48B457CB25C5D7A3006666C4 /* Motivaty.xcdatamodel */,
			);
			currentVersion = 48B457CB25C5D7A3006666C4 /* Motivaty.xcdatamodel */;
			path = Motivaty.xcdatamodeld;
			sourceTree = "<group>";
			versionGroupType = wrapper.xcdatamodel;
		};
/* End XCVersionGroup section */
	};
	rootObject = 48B457B625C5D7A2006666C4 /* Project object */;
}
